// !$*UTF8*$!
{
	archiveVersion = 1;
	classes = {
	};
	objectVersion = 48;
	objects = {

/* Begin PBXBuildFile section */
		011F547D1E83CC8300174326 /* LandingTableViewController.swift in Sources */ = {isa = PBXBuildFile; fileRef = 011F547C1E83CC8300174326 /* LandingTableViewController.swift */; };
		011F547F1E83D1C400174326 /* DailyTableViewController.swift in Sources */ = {isa = PBXBuildFile; fileRef = 011F547E1E83D1C400174326 /* DailyTableViewController.swift */; };
		011F54811E83DD7F00174326 /* NetworkManager.swift in Sources */ = {isa = PBXBuildFile; fileRef = 011F54801E83DD7F00174326 /* NetworkManager.swift */; };
		011F54851E83E37100174326 /* Models.swift in Sources */ = {isa = PBXBuildFile; fileRef = 011F54841E83E37100174326 /* Models.swift */; };
		011F54871E83FADB00174326 /* AlamofireImage.framework in Frameworks */ = {isa = PBXBuildFile; fileRef = 011F54861E83FADB00174326 /* AlamofireImage.framework */; };
		013BB8AB1E7FE151006682D5 /* AppDelegate.swift in Sources */ = {isa = PBXBuildFile; fileRef = 013BB8AA1E7FE151006682D5 /* AppDelegate.swift */; };
		013BB8B01E7FE151006682D5 /* Main.storyboard in Resources */ = {isa = PBXBuildFile; fileRef = 013BB8AE1E7FE151006682D5 /* Main.storyboard */; };
		013BB8B51E7FE151006682D5 /* LaunchScreen.storyboard in Resources */ = {isa = PBXBuildFile; fileRef = 013BB8B31E7FE151006682D5 /* LaunchScreen.storyboard */; };
		013BB8C01E7FE151006682D5 /* NASAppTests.swift in Sources */ = {isa = PBXBuildFile; fileRef = 013BB8BF1E7FE151006682D5 /* NASAppTests.swift */; };
		013BB8CB1E7FE151006682D5 /* NASAppUITests.swift in Sources */ = {isa = PBXBuildFile; fileRef = 013BB8CA1E7FE151006682D5 /* NASAppUITests.swift */; };
		013BB8D91E803DF3006682D5 /* Assets.xcassets in Resources */ = {isa = PBXBuildFile; fileRef = 013BB8D81E803DF3006682D5 /* Assets.xcassets */; };
		01AF109A1E83C7FE009A555C /* Alamofire.framework in Frameworks */ = {isa = PBXBuildFile; fileRef = 01AF10981E83C7FE009A555C /* Alamofire.framework */; };
		01AF109B1E83C7FE009A555C /* SwiftyJSON.framework in Frameworks */ = {isa = PBXBuildFile; fileRef = 01AF10991E83C7FE009A555C /* SwiftyJSON.framework */; };
/* End PBXBuildFile section */

/* Begin PBXContainerItemProxy section */
		013BB8BC1E7FE151006682D5 /* PBXContainerItemProxy */ = {
			isa = PBXContainerItemProxy;
			containerPortal = 013BB89F1E7FE151006682D5 /* Project object */;
			proxyType = 1;
			remoteGlobalIDString = 013BB8A61E7FE151006682D5;
			remoteInfo = NASApp;
		};
		013BB8C71E7FE151006682D5 /* PBXContainerItemProxy */ = {
			isa = PBXContainerItemProxy;
			containerPortal = 013BB89F1E7FE151006682D5 /* Project object */;
			proxyType = 1;
			remoteGlobalIDString = 013BB8A61E7FE151006682D5;
			remoteInfo = NASApp;
		};
/* End PBXContainerItemProxy section */

/* Begin PBXFileReference section */
		011F547C1E83CC8300174326 /* LandingTableViewController.swift */ = {isa = PBXFileReference; fileEncoding = 4; lastKnownFileType = sourcecode.swift; path = LandingTableViewController.swift; sourceTree = "<group>"; };
		011F547E1E83D1C400174326 /* DailyTableViewController.swift */ = {isa = PBXFileReference; fileEncoding = 4; lastKnownFileType = sourcecode.swift; path = DailyTableViewController.swift; sourceTree = "<group>"; };
		011F54801E83DD7F00174326 /* NetworkManager.swift */ = {isa = PBXFileReference; fileEncoding = 4; lastKnownFileType = sourcecode.swift; path = NetworkManager.swift; sourceTree = "<group>"; };
		011F54841E83E37100174326 /* Models.swift */ = {isa = PBXFileReference; fileEncoding = 4; lastKnownFileType = sourcecode.swift; path = Models.swift; sourceTree = "<group>"; };
		011F54861E83FADB00174326 /* AlamofireImage.framework */ = {isa = PBXFileReference; lastKnownFileType = wrapper.framework; name = AlamofireImage.framework; path = Carthage/Build/iOS/AlamofireImage.framework; sourceTree = "<group>"; };
		013BB8A71E7FE151006682D5 /* NASApp.app */ = {isa = PBXFileReference; explicitFileType = wrapper.application; includeInIndex = 0; path = NASApp.app; sourceTree = BUILT_PRODUCTS_DIR; };
		013BB8AA1E7FE151006682D5 /* AppDelegate.swift */ = {isa = PBXFileReference; lastKnownFileType = sourcecode.swift; path = AppDelegate.swift; sourceTree = "<group>"; };
		013BB8AF1E7FE151006682D5 /* Base */ = {isa = PBXFileReference; lastKnownFileType = file.storyboard; name = Base; path = Base.lproj/Main.storyboard; sourceTree = "<group>"; };
		013BB8B41E7FE151006682D5 /* Base */ = {isa = PBXFileReference; lastKnownFileType = file.storyboard; name = Base; path = Base.lproj/LaunchScreen.storyboard; sourceTree = "<group>"; };
		013BB8B61E7FE151006682D5 /* Info.plist */ = {isa = PBXFileReference; lastKnownFileType = text.plist.xml; path = Info.plist; sourceTree = "<group>"; };
		013BB8BB1E7FE151006682D5 /* NASAppTests.xctest */ = {isa = PBXFileReference; explicitFileType = wrapper.cfbundle; includeInIndex = 0; path = NASAppTests.xctest; sourceTree = BUILT_PRODUCTS_DIR; };
		013BB8BF1E7FE151006682D5 /* NASAppTests.swift */ = {isa = PBXFileReference; lastKnownFileType = sourcecode.swift; path = NASAppTests.swift; sourceTree = "<group>"; };
		013BB8C11E7FE151006682D5 /* Info.plist */ = {isa = PBXFileReference; lastKnownFileType = text.plist.xml; path = Info.plist; sourceTree = "<group>"; };
		013BB8C61E7FE151006682D5 /* NASAppUITests.xctest */ = {isa = PBXFileReference; explicitFileType = wrapper.cfbundle; includeInIndex = 0; path = NASAppUITests.xctest; sourceTree = BUILT_PRODUCTS_DIR; };
		013BB8CA1E7FE151006682D5 /* NASAppUITests.swift */ = {isa = PBXFileReference; lastKnownFileType = sourcecode.swift; path = NASAppUITests.swift; sourceTree = "<group>"; };
		013BB8CC1E7FE151006682D5 /* Info.plist */ = {isa = PBXFileReference; lastKnownFileType = text.plist.xml; path = Info.plist; sourceTree = "<group>"; };
		013BB8D81E803DF3006682D5 /* Assets.xcassets */ = {isa = PBXFileReference; lastKnownFileType = folder.assetcatalog; path = Assets.xcassets; sourceTree = "<group>"; };
		01AF10981E83C7FE009A555C /* Alamofire.framework */ = {isa = PBXFileReference; lastKnownFileType = wrapper.framework; name = Alamofire.framework; path = Carthage/Build/iOS/Alamofire.framework; sourceTree = "<group>"; };
		01AF10991E83C7FE009A555C /* SwiftyJSON.framework */ = {isa = PBXFileReference; lastKnownFileType = wrapper.framework; name = SwiftyJSON.framework; path = Carthage/Build/iOS/SwiftyJSON.framework; sourceTree = "<group>"; };
/* End PBXFileReference section */

/* Begin PBXFrameworksBuildPhase section */
		013BB8A41E7FE151006682D5 /* Frameworks */ = {
			isa = PBXFrameworksBuildPhase;
			buildActionMask = 2147483647;
			files = (
				01AF109A1E83C7FE009A555C /* Alamofire.framework in Frameworks */,
				01AF109B1E83C7FE009A555C /* SwiftyJSON.framework in Frameworks */,
				011F54871E83FADB00174326 /* AlamofireImage.framework in Frameworks */,
			);
			runOnlyForDeploymentPostprocessing = 0;
		};
		013BB8B81E7FE151006682D5 /* Frameworks */ = {
			isa = PBXFrameworksBuildPhase;
			buildActionMask = 2147483647;
			files = (
			);
			runOnlyForDeploymentPostprocessing = 0;
		};
		013BB8C31E7FE151006682D5 /* Frameworks */ = {
			isa = PBXFrameworksBuildPhase;
			buildActionMask = 2147483647;
			files = (
			);
			runOnlyForDeploymentPostprocessing = 0;
		};
/* End PBXFrameworksBuildPhase section */

/* Begin PBXGroup section */
		013BB89E1E7FE151006682D5 = {
			isa = PBXGroup;
			children = (
				013BB8A91E7FE151006682D5 /* NASApp */,
				013BB8BE1E7FE151006682D5 /* NASAppTests */,
				013BB8C91E7FE151006682D5 /* NASAppUITests */,
				013BB8A81E7FE151006682D5 /* Products */,
				01AF10971E83C7FE009A555C /* Frameworks */,
			);
			sourceTree = "<group>";
		};
		013BB8A81E7FE151006682D5 /* Products */ = {
			isa = PBXGroup;
			children = (
				013BB8A71E7FE151006682D5 /* NASApp.app */,
				013BB8BB1E7FE151006682D5 /* NASAppTests.xctest */,
				013BB8C61E7FE151006682D5 /* NASAppUITests.xctest */,
			);
			name = Products;
			sourceTree = "<group>";
		};
		013BB8A91E7FE151006682D5 /* NASApp */ = {
			isa = PBXGroup;
			children = (
				013BB8AA1E7FE151006682D5 /* AppDelegate.swift */,
				013BB8B61E7FE151006682D5 /* Info.plist */,
				013BB8DD1E804B1F006682D5 /* Helpers */,
				013BB8DC1E804B17006682D5 /* Controller */,
				013BB8DB1E804B11006682D5 /* Model */,
				013BB8DA1E804B07006682D5 /* View */,
				013BB8D81E803DF3006682D5 /* Assets.xcassets */,
			);
			path = NASApp;
			sourceTree = "<group>";
		};
		013BB8BE1E7FE151006682D5 /* NASAppTests */ = {
			isa = PBXGroup;
			children = (
				013BB8BF1E7FE151006682D5 /* NASAppTests.swift */,
				013BB8C11E7FE151006682D5 /* Info.plist */,
			);
			path = NASAppTests;
			sourceTree = "<group>";
		};
		013BB8C91E7FE151006682D5 /* NASAppUITests */ = {
			isa = PBXGroup;
			children = (
				013BB8CA1E7FE151006682D5 /* NASAppUITests.swift */,
				013BB8CC1E7FE151006682D5 /* Info.plist */,
			);
			path = NASAppUITests;
			sourceTree = "<group>";
		};
		013BB8DA1E804B07006682D5 /* View */ = {
			isa = PBXGroup;
			children = (
				013BB8AE1E7FE151006682D5 /* Main.storyboard */,
				013BB8B31E7FE151006682D5 /* LaunchScreen.storyboard */,
			);
			name = View;
			sourceTree = "<group>";
		};
		013BB8DB1E804B11006682D5 /* Model */ = {
			isa = PBXGroup;
			children = (
				011F54841E83E37100174326 /* Models.swift */,
			);
			name = Model;
			sourceTree = "<group>";
		};
		013BB8DC1E804B17006682D5 /* Controller */ = {
			isa = PBXGroup;
			children = (
				011F547C1E83CC8300174326 /* LandingTableViewController.swift */,
				011F547E1E83D1C400174326 /* DailyTableViewController.swift */,
			);
			name = Controller;
			sourceTree = "<group>";
		};
		013BB8DD1E804B1F006682D5 /* Helpers */ = {
			isa = PBXGroup;
			children = (
				011F54801E83DD7F00174326 /* NetworkManager.swift */,
			);
			name = Helpers;
			sourceTree = "<group>";
		};
		01AF10971E83C7FE009A555C /* Frameworks */ = {
			isa = PBXGroup;
			children = (
				011F54861E83FADB00174326 /* AlamofireImage.framework */,
				01AF10981E83C7FE009A555C /* Alamofire.framework */,
				01AF10991E83C7FE009A555C /* SwiftyJSON.framework */,
			);
			name = Frameworks;
			sourceTree = "<group>";
		};
/* End PBXGroup section */

/* Begin PBXNativeTarget section */
		013BB8A61E7FE151006682D5 /* NASApp */ = {
			isa = PBXNativeTarget;
			buildConfigurationList = 013BB8CF1E7FE151006682D5 /* Build configuration list for PBXNativeTarget "NASApp" */;
			buildPhases = (
				013BB8A31E7FE151006682D5 /* Sources */,
				013BB8A41E7FE151006682D5 /* Frameworks */,
				013BB8A51E7FE151006682D5 /* Resources */,
				01AF109C1E83C83E009A555C /* ShellScript */,
			);
			buildRules = (
			);
			dependencies = (
			);
			name = NASApp;
			productName = NASApp;
			productReference = 013BB8A71E7FE151006682D5 /* NASApp.app */;
			productType = "com.apple.product-type.application";
		};
		013BB8BA1E7FE151006682D5 /* NASAppTests */ = {
			isa = PBXNativeTarget;
			buildConfigurationList = 013BB8D21E7FE151006682D5 /* Build configuration list for PBXNativeTarget "NASAppTests" */;
			buildPhases = (
				013BB8B71E7FE151006682D5 /* Sources */,
				013BB8B81E7FE151006682D5 /* Frameworks */,
				013BB8B91E7FE151006682D5 /* Resources */,
			);
			buildRules = (
			);
			dependencies = (
				013BB8BD1E7FE151006682D5 /* PBXTargetDependency */,
			);
			name = NASAppTests;
			productName = NASAppTests;
			productReference = 013BB8BB1E7FE151006682D5 /* NASAppTests.xctest */;
			productType = "com.apple.product-type.bundle.unit-test";
		};
		013BB8C51E7FE151006682D5 /* NASAppUITests */ = {
			isa = PBXNativeTarget;
			buildConfigurationList = 013BB8D51E7FE151006682D5 /* Build configuration list for PBXNativeTarget "NASAppUITests" */;
			buildPhases = (
				013BB8C21E7FE151006682D5 /* Sources */,
				013BB8C31E7FE151006682D5 /* Frameworks */,
				013BB8C41E7FE151006682D5 /* Resources */,
			);
			buildRules = (
			);
			dependencies = (
				013BB8C81E7FE151006682D5 /* PBXTargetDependency */,
			);
			name = NASAppUITests;
			productName = NASAppUITests;
			productReference = 013BB8C61E7FE151006682D5 /* NASAppUITests.xctest */;
			productType = "com.apple.product-type.bundle.ui-testing";
		};
/* End PBXNativeTarget section */

/* Begin PBXProject section */
		013BB89F1E7FE151006682D5 /* Project object */ = {
			isa = PBXProject;
			attributes = {
				LastSwiftUpdateCheck = 0820;
				LastUpgradeCheck = 0820;
				ORGANIZATIONNAME = "Andrea Miotto";
				TargetAttributes = {
					013BB8A61E7FE151006682D5 = {
						CreatedOnToolsVersion = 8.2.1;
						DevelopmentTeam = 23536XD8LD;
						ProvisioningStyle = Automatic;
					};
					013BB8BA1E7FE151006682D5 = {
						CreatedOnToolsVersion = 8.2.1;
						DevelopmentTeam = 23536XD8LD;
						ProvisioningStyle = Automatic;
						TestTargetID = 013BB8A61E7FE151006682D5;
					};
					013BB8C51E7FE151006682D5 = {
						CreatedOnToolsVersion = 8.2.1;
						DevelopmentTeam = 23536XD8LD;
						ProvisioningStyle = Automatic;
						TestTargetID = 013BB8A61E7FE151006682D5;
					};
				};
			};
			buildConfigurationList = 013BB8A21E7FE151006682D5 /* Build configuration list for PBXProject "NASApp" */;
			compatibilityVersion = "Xcode 8.0";
			developmentRegion = English;
			hasScannedForEncodings = 0;
			knownRegions = (
				en,
				Base,
			);
			mainGroup = 013BB89E1E7FE151006682D5;
			productRefGroup = 013BB8A81E7FE151006682D5 /* Products */;
			projectDirPath = "";
			projectRoot = "";
			targets = (
				013BB8A61E7FE151006682D5 /* NASApp */,
				013BB8BA1E7FE151006682D5 /* NASAppTests */,
				013BB8C51E7FE151006682D5 /* NASAppUITests */,
			);
		};
/* End PBXProject section */

/* Begin PBXResourcesBuildPhase section */
		013BB8A51E7FE151006682D5 /* Resources */ = {
			isa = PBXResourcesBuildPhase;
			buildActionMask = 2147483647;
			files = (
				013BB8B51E7FE151006682D5 /* LaunchScreen.storyboard in Resources */,
				013BB8D91E803DF3006682D5 /* Assets.xcassets in Resources */,
				013BB8B01E7FE151006682D5 /* Main.storyboard in Resources */,
			);
			runOnlyForDeploymentPostprocessing = 0;
		};
		013BB8B91E7FE151006682D5 /* Resources */ = {
			isa = PBXResourcesBuildPhase;
			buildActionMask = 2147483647;
			files = (
			);
			runOnlyForDeploymentPostprocessing = 0;
		};
		013BB8C41E7FE151006682D5 /* Resources */ = {
			isa = PBXResourcesBuildPhase;
			buildActionMask = 2147483647;
			files = (
			);
			runOnlyForDeploymentPostprocessing = 0;
		};
/* End PBXResourcesBuildPhase section */

/* Begin PBXShellScriptBuildPhase section */
		01AF109C1E83C83E009A555C /* ShellScript */ = {
			isa = PBXShellScriptBuildPhase;
			buildActionMask = 2147483647;
			files = (
			);
			inputPaths = (
				"$(SRCROOT)/Carthage/Build/iOS/Alamofire.framework",
				"$(SRCROOT)/Carthage/Build/iOS/SwiftyJSON.framework",
				"$(SRCROOT)/Carthage/Build/iOS/AlamofireImage.framework",
			);
			outputPaths = (
			);
			runOnlyForDeploymentPostprocessing = 0;
			shellPath = /bin/sh;
			shellScript = "/usr/local/bin/carthage copy-frameworks";
		};
/* End PBXShellScriptBuildPhase section */

/* Begin PBXSourcesBuildPhase section */
		013BB8A31E7FE151006682D5 /* Sources */ = {
			isa = PBXSourcesBuildPhase;
			buildActionMask = 2147483647;
			files = (
				011F54811E83DD7F00174326 /* NetworkManager.swift in Sources */,
				011F547D1E83CC8300174326 /* LandingTableViewController.swift in Sources */,
				013BB8AB1E7FE151006682D5 /* AppDelegate.swift in Sources */,
				011F547F1E83D1C400174326 /* DailyTableViewController.swift in Sources */,
				011F54851E83E37100174326 /* Models.swift in Sources */,
			);
			runOnlyForDeploymentPostprocessing = 0;
		};
		013BB8B71E7FE151006682D5 /* Sources */ = {
			isa = PBXSourcesBuildPhase;
			buildActionMask = 2147483647;
			files = (
				013BB8C01E7FE151006682D5 /* NASAppTests.swift in Sources */,
			);
			runOnlyForDeploymentPostprocessing = 0;
		};
		013BB8C21E7FE151006682D5 /* Sources */ = {
			isa = PBXSourcesBuildPhase;
			buildActionMask = 2147483647;
			files = (
				013BB8CB1E7FE151006682D5 /* NASAppUITests.swift in Sources */,
			);
			runOnlyForDeploymentPostprocessing = 0;
		};
/* End PBXSourcesBuildPhase section */

/* Begin PBXTargetDependency section */
		013BB8BD1E7FE151006682D5 /* PBXTargetDependency */ = {
			isa = PBXTargetDependency;
			target = 013BB8A61E7FE151006682D5 /* NASApp */;
			targetProxy = 013BB8BC1E7FE151006682D5 /* PBXContainerItemProxy */;
		};
		013BB8C81E7FE151006682D5 /* PBXTargetDependency */ = {
			isa = PBXTargetDependency;
			target = 013BB8A61E7FE151006682D5 /* NASApp */;
			targetProxy = 013BB8C71E7FE151006682D5 /* PBXContainerItemProxy */;
		};
/* End PBXTargetDependency section */

/* Begin PBXVariantGroup section */
		013BB8AE1E7FE151006682D5 /* Main.storyboard */ = {
			isa = PBXVariantGroup;
			children = (
				013BB8AF1E7FE151006682D5 /* Base */,
			);
			name = Main.storyboard;
			sourceTree = "<group>";
		};
		013BB8B31E7FE151006682D5 /* LaunchScreen.storyboard */ = {
			isa = PBXVariantGroup;
			children = (
				013BB8B41E7FE151006682D5 /* Base */,
			);
			name = LaunchScreen.storyboard;
			sourceTree = "<group>";
		};
/* End PBXVariantGroup section */

/* Begin XCBuildConfiguration section */
		013BB8CD1E7FE151006682D5 /* Debug */ = {
			isa = XCBuildConfiguration;
			buildSettings = {
				ALWAYS_SEARCH_USER_PATHS = NO;
				CLANG_ANALYZER_NONNULL = YES;
				CLANG_CXX_LANGUAGE_STANDARD = "gnu++0x";
				CLANG_CXX_LIBRARY = "libc++";
				CLANG_ENABLE_MODULES = YES;
				CLANG_ENABLE_OBJC_ARC = YES;
				CLANG_WARN_BOOL_CONVERSION = YES;
				CLANG_WARN_CONSTANT_CONVERSION = YES;
				CLANG_WARN_DIRECT_OBJC_ISA_USAGE = YES_ERROR;
				CLANG_WARN_DOCUMENTATION_COMMENTS = YES;
				CLANG_WARN_EMPTY_BODY = YES;
				CLANG_WARN_ENUM_CONVERSION = YES;
				CLANG_WARN_INFINITE_RECURSION = YES;
				CLANG_WARN_INT_CONVERSION = YES;
				CLANG_WARN_OBJC_ROOT_CLASS = YES_ERROR;
				CLANG_WARN_SUSPICIOUS_MOVE = YES;
				CLANG_WARN_UNREACHABLE_CODE = YES;
				CLANG_WARN__DUPLICATE_METHOD_MATCH = YES;
				"CODE_SIGN_IDENTITY[sdk=iphoneos*]" = "iPhone Developer";
				COPY_PHASE_STRIP = NO;
				DEBUG_INFORMATION_FORMAT = dwarf;
				ENABLE_STRICT_OBJC_MSGSEND = YES;
				ENABLE_TESTABILITY = YES;
				GCC_C_LANGUAGE_STANDARD = gnu99;
				GCC_DYNAMIC_NO_PIC = NO;
				GCC_NO_COMMON_BLOCKS = YES;
				GCC_OPTIMIZATION_LEVEL = 0;
				GCC_PREPROCESSOR_DEFINITIONS = (
					"DEBUG=1",
					"$(inherited)",
				);
				GCC_WARN_64_TO_32_BIT_CONVERSION = YES;
				GCC_WARN_ABOUT_RETURN_TYPE = YES_ERROR;
				GCC_WARN_UNDECLARED_SELECTOR = YES;
				GCC_WARN_UNINITIALIZED_AUTOS = YES_AGGRESSIVE;
				GCC_WARN_UNUSED_FUNCTION = YES;
				GCC_WARN_UNUSED_VARIABLE = YES;
				IPHONEOS_DEPLOYMENT_TARGET = 10.2;
				MTL_ENABLE_DEBUG_INFO = YES;
				ONLY_ACTIVE_ARCH = YES;
				SDKROOT = iphoneos;
				SWIFT_ACTIVE_COMPILATION_CONDITIONS = DEBUG;
				SWIFT_OPTIMIZATION_LEVEL = "-Onone";
			};
			name = Debug;
		};
		013BB8CE1E7FE151006682D5 /* Release */ = {
			isa = XCBuildConfiguration;
			buildSettings = {
				ALWAYS_SEARCH_USER_PATHS = NO;
				CLANG_ANALYZER_NONNULL = YES;
				CLANG_CXX_LANGUAGE_STANDARD = "gnu++0x";
				CLANG_CXX_LIBRARY = "libc++";
				CLANG_ENABLE_MODULES = YES;
				CLANG_ENABLE_OBJC_ARC = YES;
				CLANG_WARN_BOOL_CONVERSION = YES;
				CLANG_WARN_CONSTANT_CONVERSION = YES;
				CLANG_WARN_DIRECT_OBJC_ISA_USAGE = YES_ERROR;
				CLANG_WARN_DOCUMENTATION_COMMENTS = YES;
				CLANG_WARN_EMPTY_BODY = YES;
				CLANG_WARN_ENUM_CONVERSION = YES;
				CLANG_WARN_INFINITE_RECURSION = YES;
				CLANG_WARN_INT_CONVERSION = YES;
				CLANG_WARN_OBJC_ROOT_CLASS = YES_ERROR;
				CLANG_WARN_SUSPICIOUS_MOVE = YES;
				CLANG_WARN_UNREACHABLE_CODE = YES;
				CLANG_WARN__DUPLICATE_METHOD_MATCH = YES;
				"CODE_SIGN_IDENTITY[sdk=iphoneos*]" = "iPhone Developer";
				COPY_PHASE_STRIP = NO;
				DEBUG_INFORMATION_FORMAT = "dwarf-with-dsym";
				ENABLE_NS_ASSERTIONS = NO;
				ENABLE_STRICT_OBJC_MSGSEND = YES;
				GCC_C_LANGUAGE_STANDARD = gnu99;
				GCC_NO_COMMON_BLOCKS = YES;
				GCC_WARN_64_TO_32_BIT_CONVERSION = YES;
				GCC_WARN_ABOUT_RETURN_TYPE = YES_ERROR;
				GCC_WARN_UNDECLARED_SELECTOR = YES;
				GCC_WARN_UNINITIALIZED_AUTOS = YES_AGGRESSIVE;
				GCC_WARN_UNUSED_FUNCTION = YES;
				GCC_WARN_UNUSED_VARIABLE = YES;
				IPHONEOS_DEPLOYMENT_TARGET = 10.2;
				MTL_ENABLE_DEBUG_INFO = NO;
				SDKROOT = iphoneos;
				SWIFT_OPTIMIZATION_LEVEL = "-Owholemodule";
				VALIDATE_PRODUCT = YES;
			};
			name = Release;
		};
		013BB8D01E7FE151006682D5 /* Debug */ = {
			isa = XCBuildConfiguration;
			buildSettings = {
				ASSETCATALOG_COMPILER_APPICON_NAME = AppIcon;
				DEVELOPMENT_TEAM = 23536XD8LD;
				FRAMEWORK_SEARCH_PATHS = (
					"$(inherited)",
					"$(PROJECT_DIR)/Carthage/Build/iOS",
				);
				INFOPLIST_FILE = NASApp/Info.plist;
				LD_RUNPATH_SEARCH_PATHS = "$(inherited) @executable_path/Frameworks";
				PRODUCT_BUNDLE_IDENTIFIER = "AndreaMiotto-com.github.NASApp";
				PRODUCT_NAME = "$(TARGET_NAME)";
				SWIFT_VERSION = 3.0;
			};
			name = Debug;
		};
		013BB8D11E7FE151006682D5 /* Release */ = {
			isa = XCBuildConfiguration;
			buildSettings = {
				ASSETCATALOG_COMPILER_APPICON_NAME = AppIcon;
				DEVELOPMENT_TEAM = 23536XD8LD;
				FRAMEWORK_SEARCH_PATHS = (
					"$(inherited)",
					"$(PROJECT_DIR)/Carthage/Build/iOS",
				);
				INFOPLIST_FILE = NASApp/Info.plist;
				LD_RUNPATH_SEARCH_PATHS = "$(inherited) @executable_path/Frameworks";
				PRODUCT_BUNDLE_IDENTIFIER = "AndreaMiotto-com.github.NASApp";
				PRODUCT_NAME = "$(TARGET_NAME)";
				SWIFT_VERSION = 3.0;
			};
			name = Release;
		};
		013BB8D31E7FE151006682D5 /* Debug */ = {
			isa = XCBuildConfiguration;
			buildSettings = {
				ALWAYS_EMBED_SWIFT_STANDARD_LIBRARIES = YES;
				BUNDLE_LOADER = "$(TEST_HOST)";
				DEVELOPMENT_TEAM = 23536XD8LD;
				INFOPLIST_FILE = NASAppTests/Info.plist;
				LD_RUNPATH_SEARCH_PATHS = "$(inherited) @executable_path/Frameworks @loader_path/Frameworks";
				PRODUCT_BUNDLE_IDENTIFIER = "AndreaMiotto-com.github.NASAppTests";
				PRODUCT_NAME = "$(TARGET_NAME)";
				SWIFT_VERSION = 3.0;
				TEST_HOST = "$(BUILT_PRODUCTS_DIR)/NASApp.app/NASApp";
			};
			name = Debug;
		};
		013BB8D41E7FE151006682D5 /* Release */ = {
			isa = XCBuildConfiguration;
			buildSettings = {
				ALWAYS_EMBED_SWIFT_STANDARD_LIBRARIES = YES;
				BUNDLE_LOADER = "$(TEST_HOST)";
				DEVELOPMENT_TEAM = 23536XD8LD;
				INFOPLIST_FILE = NASAppTests/Info.plist;
				LD_RUNPATH_SEARCH_PATHS = "$(inherited) @executable_path/Frameworks @loader_path/Frameworks";
				PRODUCT_BUNDLE_IDENTIFIER = "AndreaMiotto-com.github.NASAppTests";
				PRODUCT_NAME = "$(TARGET_NAME)";
				SWIFT_VERSION = 3.0;
				TEST_HOST = "$(BUILT_PRODUCTS_DIR)/NASApp.app/NASApp";
			};
			name = Release;
		};
		013BB8D61E7FE151006682D5 /* Debug */ = {
			isa = XCBuildConfiguration;
			buildSettings = {
				ALWAYS_EMBED_SWIFT_STANDARD_LIBRARIES = YES;
				DEVELOPMENT_TEAM = 23536XD8LD;
				INFOPLIST_FILE = NASAppUITests/Info.plist;
				LD_RUNPATH_SEARCH_PATHS = "$(inherited) @executable_path/Frameworks @loader_path/Frameworks";
				PRODUCT_BUNDLE_IDENTIFIER = "AndreaMiotto-com.github.NASAppUITests";
				PRODUCT_NAME = "$(TARGET_NAME)";
				SWIFT_VERSION = 3.0;
				TEST_TARGET_NAME = NASApp;
			};
			name = Debug;
		};
		013BB8D71E7FE151006682D5 /* Release */ = {
			isa = XCBuildConfiguration;
			buildSettings = {
				ALWAYS_EMBED_SWIFT_STANDARD_LIBRARIES = YES;
				DEVELOPMENT_TEAM = 23536XD8LD;
				INFOPLIST_FILE = NASAppUITests/Info.plist;
				LD_RUNPATH_SEARCH_PATHS = "$(inherited) @executable_path/Frameworks @loader_path/Frameworks";
				PRODUCT_BUNDLE_IDENTIFIER = "AndreaMiotto-com.github.NASAppUITests";
				PRODUCT_NAME = "$(TARGET_NAME)";
				SWIFT_VERSION = 3.0;
				TEST_TARGET_NAME = NASApp;
			};
			name = Release;
		};
/* End XCBuildConfiguration section */

/* Begin XCConfigurationList section */
		013BB8A21E7FE151006682D5 /* Build configuration list for PBXProject "NASApp" */ = {
			isa = XCConfigurationList;
			buildConfigurations = (
				013BB8CD1E7FE151006682D5 /* Debug */,
				013BB8CE1E7FE151006682D5 /* Release */,
			);
			defaultConfigurationIsVisible = 0;
			defaultConfigurationName = Release;
		};
		013BB8CF1E7FE151006682D5 /* Build configuration list for PBXNativeTarget "NASApp" */ = {
			isa = XCConfigurationList;
			buildConfigurations = (
				013BB8D01E7FE151006682D5 /* Debug */,
				013BB8D11E7FE151006682D5 /* Release */,
			);
			defaultConfigurationIsVisible = 0;
			defaultConfigurationName = Release;
		};
		013BB8D21E7FE151006682D5 /* Build configuration list for PBXNativeTarget "NASAppTests" */ = {
			isa = XCConfigurationList;
			buildConfigurations = (
				013BB8D31E7FE151006682D5 /* Debug */,
				013BB8D41E7FE151006682D5 /* Release */,
			);
			defaultConfigurationIsVisible = 0;
			defaultConfigurationName = Release;
		};
		013BB8D51E7FE151006682D5 /* Build configuration list for PBXNativeTarget "NASAppUITests" */ = {
			isa = XCConfigurationList;
			buildConfigurations = (
				013BB8D61E7FE151006682D5 /* Debug */,
				013BB8D71E7FE151006682D5 /* Release */,
			);
			defaultConfigurationIsVisible = 0;
			defaultConfigurationName = Release;
		};
/* End XCConfigurationList section */
	};
	rootObject = 013BB89F1E7FE151006682D5 /* Project object */;
}
